[[package]]
name = "aiocontextvars"
version = "0.2.2"
description = "Asyncio support for PEP-567 contextvars backport."
category = "main"
optional = false
python-versions = ">=3.5"

[package.dependencies]
contextvars = {version = "2.4", markers = "python_version < \"3.7\""}

[[package]]
name = "certifi"
version = "2020.12.5"
description = "Python package for providing Mozilla's CA Bundle."
category = "main"
optional = false
python-versions = "*"

[[package]]
name = "chardet"
version = "4.0.0"
description = "Universal encoding detector for Python 2 and 3"
category = "main"
optional = false
python-versions = ">=2.7, !=3.0.*, !=3.1.*, !=3.2.*, !=3.3.*, !=3.4.*"

[[package]]
name = "click"
version = "7.1.2"
description = "Composable command line interface toolkit"
category = "main"
optional = false
python-versions = ">=2.7, !=3.0.*, !=3.1.*, !=3.2.*, !=3.3.*, !=3.4.*"

[[package]]
name = "colorama"
version = "0.4.4"
description = "Cross-platform colored terminal text."
category = "main"
optional = false
python-versions = ">=2.7, !=3.0.*, !=3.1.*, !=3.2.*, !=3.3.*, !=3.4.*"

[[package]]
name = "contextvars"
version = "2.4"
description = "PEP 567 Backport"
category = "main"
optional = false
python-versions = "*"

[package.dependencies]
immutables = ">=0.9"

[[package]]
name = "flask"
version = "1.1.2"
description = "A simple framework for building complex web applications."
category = "main"
optional = false
python-versions = ">=2.7, !=3.0.*, !=3.1.*, !=3.2.*, !=3.3.*, !=3.4.*"

[package.dependencies]
click = ">=5.1"
itsdangerous = ">=0.24"
Jinja2 = ">=2.10.1"
Werkzeug = ">=0.15"

[package.extras]
dev = ["pytest", "coverage", "tox", "sphinx", "pallets-sphinx-themes", "sphinxcontrib-log-cabinet", "sphinx-issues"]
docs = ["sphinx", "pallets-sphinx-themes", "sphinxcontrib-log-cabinet", "sphinx-issues"]
dotenv = ["python-dotenv"]

[[package]]
name = "flask-socketio"
version = "4.3.2"
description = "Socket.IO integration for Flask applications"
category = "main"
optional = false
python-versions = "*"

[package.dependencies]
Flask = ">=0.9"
python-socketio = ">=4.3.0,<5"

[[package]]
name = "idna"
version = "2.10"
description = "Internationalized Domain Names in Applications (IDNA)"
category = "main"
optional = false
python-versions = ">=2.7, !=3.0.*, !=3.1.*, !=3.2.*, !=3.3.*"

[[package]]
name = "immutables"
version = "0.14"
description = "Immutable Collections"
category = "main"
optional = false
python-versions = ">=3.5"

[[package]]
name = "itsdangerous"
version = "1.1.0"
description = "Various helpers to pass data to untrusted environments and back."
category = "main"
optional = false
python-versions = ">=2.7, !=3.0.*, !=3.1.*, !=3.2.*, !=3.3.*"

[[package]]
name = "jinja2"
version = "2.11.2"
description = "A very fast and expressive template engine."
category = "main"
optional = false
python-versions = ">=2.7, !=3.0.*, !=3.1.*, !=3.2.*, !=3.3.*, !=3.4.*"

[package.dependencies]
MarkupSafe = ">=0.23"

[package.extras]
i18n = ["Babel (>=0.8)"]

[[package]]
name = "loguru"
version = "0.5.3"
description = "Python logging made (stupidly) simple"
category = "main"
optional = false
python-versions = ">=3.5"

[package.dependencies]
aiocontextvars = {version = ">=0.2.0", markers = "python_version < \"3.7\""}
colorama = {version = ">=0.3.4", markers = "sys_platform == \"win32\""}
win32-setctime = {version = ">=1.0.0", markers = "sys_platform == \"win32\""}

[package.extras]
dev = ["codecov (>=2.0.15)", "colorama (>=0.3.4)", "flake8 (>=3.7.7)", "tox (>=3.9.0)", "tox-travis (>=0.12)", "pytest (>=4.6.2)", "pytest-cov (>=2.7.1)", "Sphinx (>=2.2.1)", "sphinx-autobuild (>=0.7.1)", "sphinx-rtd-theme (>=0.4.3)", "black (>=19.10b0)", "isort (>=5.1.1)"]

[[package]]
name = "markupsafe"
version = "1.1.1"
description = "Safely add untrusted strings to HTML/XML markup."
category = "main"
optional = false
python-versions = ">=2.7,!=3.0.*,!=3.1.*,!=3.2.*,!=3.3.*"

[[package]]
name = "numpy"
version = "1.19.4"
description = "NumPy is the fundamental package for array computing with Python."
category = "main"
optional = false
python-versions = ">=3.6"

[[package]]
name = "onnxruntime"
version = "1.5.2"
description = "ONNX Runtime Python bindings"
category = "main"
optional = false
python-versions = "*"

[package.dependencies]
numpy = ">=1.16.6"
protobuf = "*"

[[package]]
name = "opencv-python"
version = "4.4.0.46"
description = "Wrapper package for OpenCV python bindings."
category = "main"
optional = false
python-versions = ">=3.6"

[package.dependencies]
numpy = ">=1.13.3"

[[package]]
name = "pillow"
version = "8.0.1"
description = "Python Imaging Library (Fork)"
category = "main"
optional = false
python-versions = ">=3.6"

[[package]]
name = "protobuf"
version = "3.14.0"
description = "Protocol Buffers"
category = "main"
optional = false
python-versions = "*"

[package.dependencies]
six = ">=1.9"

[[package]]
name = "pyclipper"
version = "1.2.0"
description = "Cython wrapper for the C++ translation of the Angus Johnson's Clipper library (ver. 6.4.2)"
category = "main"
optional = false
python-versions = "*"

[[package]]
name = "python-engineio"
version = "3.14.2"
description = "Engine.IO server"
category = "main"
optional = false
python-versions = "*"

[package.dependencies]
six = ">=1.9.0"

[package.extras]
asyncio_client = ["aiohttp (>=3.4)"]
client = ["requests (>=2.21.0)", "websocket-client (>=0.54.0)"]

[[package]]
name = "python-socketio"
version = "4.6.1"
description = "Socket.IO server"
category = "main"
optional = false
python-versions = "*"

[package.dependencies]
python-engineio = ">=3.13.0,<4"
six = ">=1.9.0"

[package.extras]
asyncio_client = ["aiohttp (>=3.4)", "websockets (>=7.0)"]
client = ["requests (>=2.21.0)", "websocket-client (>=0.54.0)"]

[[package]]
name = "requests"
version = "2.25.1"
description = "Python HTTP for Humans."
category = "main"
optional = false
python-versions = ">=2.7, !=3.0.*, !=3.1.*, !=3.2.*, !=3.3.*, !=3.4.*"

[package.dependencies]
certifi = ">=2017.4.17"
chardet = ">=3.0.2,<5"
idna = ">=2.5,<3"
urllib3 = ">=1.21.1,<1.27"

[package.extras]
security = ["pyOpenSSL (>=0.14)", "cryptography (>=1.3.4)"]
socks = ["PySocks (>=1.5.6,!=1.5.7)", "win-inet-pton"]

[[package]]
name = "shapely"
version = "1.7.1"
description = "Geometric objects, predicates, and operations"
category = "main"
optional = false
python-versions = "*"

[package.extras]
all = ["numpy", "pytest", "pytest-cov"]
test = ["pytest", "pytest-cov"]
vectorized = ["numpy"]

[[package]]
name = "six"
version = "1.15.0"
description = "Python 2 and 3 compatibility utilities"
category = "main"
optional = false
python-versions = ">=2.7, !=3.0.*, !=3.1.*, !=3.2.*"

[[package]]
name = "urllib3"
version = "1.26.2"
description = "HTTP library with thread-safe connection pooling, file post, and more."
category = "main"
optional = false
python-versions = ">=2.7, !=3.0.*, !=3.1.*, !=3.2.*, !=3.3.*, !=3.4.*, <4"

[package.extras]
brotli = ["brotlipy (>=0.6.0)"]
secure = ["pyOpenSSL (>=0.14)", "cryptography (>=1.3.4)", "idna (>=2.0.0)", "certifi", "ipaddress"]
socks = ["PySocks (>=1.5.6,!=1.5.7,<2.0)"]

[[package]]
name = "werkzeug"
version = "1.0.1"
description = "The comprehensive WSGI web application library."
category = "main"
optional = false
python-versions = ">=2.7, !=3.0.*, !=3.1.*, !=3.2.*, !=3.3.*, !=3.4.*"

[package.extras]
dev = ["pytest", "pytest-timeout", "coverage", "tox", "sphinx", "pallets-sphinx-themes", "sphinx-issues"]
watchdog = ["watchdog"]

[[package]]
name = "win32-setctime"
version = "1.0.3"
description = "A small Python utility to set file creation time on Windows"
category = "main"
optional = false
python-versions = ">=3.5"

[package.extras]
dev = ["pytest (>=4.6.2)", "black (>=19.3b0)"]

[metadata]
lock-version = "1.1"
python-versions = "^3.6"
content-hash = "92e96c86f2106fe78153becfd2e1ebbbfc23bcc7d146b054e64b4a96d07eaef1"

[metadata.files]
aiocontextvars = [
    {file = "aiocontextvars-0.2.2-py2.py3-none-any.whl", hash = "sha256:885daf8261818767d8f7cbd79f9d4482d118f024b6586ef6e67980236a27bfa3"},
    {file = "aiocontextvars-0.2.2.tar.gz", hash = "sha256:f027372dc48641f683c559f247bd84962becaacdc9ba711d583c3871fb5652aa"},
]
certifi = [
    {file = "certifi-2020.12.5-py2.py3-none-any.whl", hash = "sha256:719a74fb9e33b9bd44cc7f3a8d94bc35e4049deebe19ba7d8e108280cfd59830"},
    {file = "certifi-2020.12.5.tar.gz", hash = "sha256:1a4995114262bffbc2413b159f2a1a480c969de6e6eb13ee966d470af86af59c"},
]
chardet = [
    {file = "chardet-4.0.0-py2.py3-none-any.whl", hash = "sha256:f864054d66fd9118f2e67044ac8981a54775ec5b67aed0441892edb553d21da5"},
    {file = "chardet-4.0.0.tar.gz", hash = "sha256:0d6f53a15db4120f2b08c94f11e7d93d2c911ee118b6b30a04ec3ee8310179fa"},
]
click = [
    {file = "click-7.1.2-py2.py3-none-any.whl", hash = "sha256:dacca89f4bfadd5de3d7489b7c8a566eee0d3676333fbb50030263894c38c0dc"},
    {file = "click-7.1.2.tar.gz", hash = "sha256:d2b5255c7c6349bc1bd1e59e08cd12acbbd63ce649f2588755783aa94dfb6b1a"},
]
colorama = [
    {file = "colorama-0.4.4-py2.py3-none-any.whl", hash = "sha256:9f47eda37229f68eee03b24b9748937c7dc3868f906e8ba69fbcbdd3bc5dc3e2"},
    {file = "colorama-0.4.4.tar.gz", hash = "sha256:5941b2b48a20143d2267e95b1c2a7603ce057ee39fd88e7329b0c292aa16869b"},
]
contextvars = [
    {file = "contextvars-2.4.tar.gz", hash = "sha256:f38c908aaa59c14335eeea12abea5f443646216c4e29380d7bf34d2018e2c39e"},
]
flask = [
    {file = "Flask-1.1.2-py2.py3-none-any.whl", hash = "sha256:8a4fdd8936eba2512e9c85df320a37e694c93945b33ef33c89946a340a238557"},
    {file = "Flask-1.1.2.tar.gz", hash = "sha256:4efa1ae2d7c9865af48986de8aeb8504bf32c7f3d6fdc9353d34b21f4b127060"},
]
flask-socketio = [
    {file = "Flask-SocketIO-4.3.2.tar.gz", hash = "sha256:37001b3507f2fa5d1c8d9c8e211dd88da6c5286ff0ebce16f27cb1b467d25d68"},
    {file = "Flask_SocketIO-4.3.2-py2.py3-none-any.whl", hash = "sha256:26de451f9ddfd2053ca66a0a5d6b6f53c65246ddcb453fbf9fa8dba364c73a52"},
]
idna = [
    {file = "idna-2.10-py2.py3-none-any.whl", hash = "sha256:b97d804b1e9b523befed77c48dacec60e6dcb0b5391d57af6a65a312a90648c0"},
    {file = "idna-2.10.tar.gz", hash = "sha256:b307872f855b18632ce0c21c5e45be78c0ea7ae4c15c828c20788b26921eb3f6"},
]
immutables = [
    {file = "immutables-0.14-cp35-cp35m-macosx_10_14_x86_64.whl", hash = "sha256:860666fab142401a5535bf65cbd607b46bc5ed25b9d1eb053ca8ed9a1a1a80d6"},
    {file = "immutables-0.14-cp35-cp35m-manylinux1_x86_64.whl", hash = "sha256:ce01788878827c3f0331c254a4ad8d9721489a5e65cc43e19c80040b46e0d297"},
    {file = "immutables-0.14-cp36-cp36m-macosx_10_14_x86_64.whl", hash = "sha256:8797eed4042f4626b0bc04d9cf134208918eb0c937a8193a2c66df5041e62d2e"},
    {file = "immutables-0.14-cp36-cp36m-manylinux1_x86_64.whl", hash = "sha256:33ce2f977da7b5e0dddd93744862404bdb316ffe5853ec853e53141508fa2e6a"},
    {file = "immutables-0.14-cp36-cp36m-win_amd64.whl", hash = "sha256:6c8eace4d98988c72bcb37c05e79aae756832738305ae9497670482a82db08bc"},
    {file = "immutables-0.14-cp37-cp37m-macosx_10_14_x86_64.whl", hash = "sha256:ab6c18b7b2b2abc83e0edc57b0a38bf0915b271582a1eb8c7bed1c20398f8040"},
    {file = "immutables-0.14-cp37-cp37m-manylinux1_x86_64.whl", hash = "sha256:c099212fd6504513a50e7369fe281007c820cf9d7bb22a336486c63d77d6f0b2"},
    {file = "immutables-0.14-cp37-cp37m-win_amd64.whl", hash = "sha256:714aedbdeba4439d91cb5e5735cb10631fc47a7a69ea9cc8ecbac90322d50a4a"},
    {file = "immutables-0.14-cp38-cp38-macosx_10_14_x86_64.whl", hash = "sha256:1c11050c49e193a1ec9dda1747285333f6ba6a30bbeb2929000b9b1192097ec0"},
    {file = "immutables-0.14-cp38-cp38-manylinux1_x86_64.whl", hash = "sha256:c453e12b95e1d6bb4909e8743f88b7f5c0c97b86a8bc0d73507091cb644e3c1e"},
    {file = "immutables-0.14-cp38-cp38-win_amd64.whl", hash = "sha256:ef9da20ec0f1c5853b5c8f8e3d9e1e15b8d98c259de4b7515d789a606af8745e"},
    {file = "immutables-0.14.tar.gz", hash = "sha256:a0a1cc238b678455145bae291d8426f732f5255537ed6a5b7645949704c70a78"},
]
itsdangerous = [
    {file = "itsdangerous-1.1.0-py2.py3-none-any.whl", hash = "sha256:b12271b2047cb23eeb98c8b5622e2e5c5e9abd9784a153e9d8ef9cb4dd09d749"},
    {file = "itsdangerous-1.1.0.tar.gz", hash = "sha256:321b033d07f2a4136d3ec762eac9f16a10ccd60f53c0c91af90217ace7ba1f19"},
]
jinja2 = [
    {file = "Jinja2-2.11.2-py2.py3-none-any.whl", hash = "sha256:f0a4641d3cf955324a89c04f3d94663aa4d638abe8f733ecd3582848e1c37035"},
    {file = "Jinja2-2.11.2.tar.gz", hash = "sha256:89aab215427ef59c34ad58735269eb58b1a5808103067f7bb9d5836c651b3bb0"},
]
loguru = [
    {file = "loguru-0.5.3-py3-none-any.whl", hash = "sha256:f8087ac396b5ee5f67c963b495d615ebbceac2796379599820e324419d53667c"},
    {file = "loguru-0.5.3.tar.gz", hash = "sha256:b28e72ac7a98be3d28ad28570299a393dfcd32e5e3f6a353dec94675767b6319"},
]
markupsafe = [
    {file = "MarkupSafe-1.1.1-cp27-cp27m-macosx_10_6_intel.whl", hash = "sha256:09027a7803a62ca78792ad89403b1b7a73a01c8cb65909cd876f7fcebd79b161"},
    {file = "MarkupSafe-1.1.1-cp27-cp27m-manylinux1_i686.whl", hash = "sha256:e249096428b3ae81b08327a63a485ad0878de3fb939049038579ac0ef61e17e7"},
    {file = "MarkupSafe-1.1.1-cp27-cp27m-manylinux1_x86_64.whl", hash = "sha256:500d4957e52ddc3351cabf489e79c91c17f6e0899158447047588650b5e69183"},
    {file = "MarkupSafe-1.1.1-cp27-cp27m-win32.whl", hash = "sha256:b2051432115498d3562c084a49bba65d97cf251f5a331c64a12ee7e04dacc51b"},
    {file = "MarkupSafe-1.1.1-cp27-cp27m-win_amd64.whl", hash = "sha256:98c7086708b163d425c67c7a91bad6e466bb99d797aa64f965e9d25c12111a5e"},
    {file = "MarkupSafe-1.1.1-cp27-cp27mu-manylinux1_i686.whl", hash = "sha256:cd5df75523866410809ca100dc9681e301e3c27567cf498077e8551b6d20e42f"},
    {file = "MarkupSafe-1.1.1-cp27-cp27mu-manylinux1_x86_64.whl", hash = "sha256:43a55c2930bbc139570ac2452adf3d70cdbb3cfe5912c71cdce1c2c6bbd9c5d1"},
    {file = "MarkupSafe-1.1.1-cp34-cp34m-macosx_10_6_intel.whl", hash = "sha256:1027c282dad077d0bae18be6794e6b6b8c91d58ed8a8d89a89d59693b9131db5"},
    {file = "MarkupSafe-1.1.1-cp34-cp34m-manylinux1_i686.whl", hash = "sha256:62fe6c95e3ec8a7fad637b7f3d372c15ec1caa01ab47926cfdf7a75b40e0eac1"},
    {file = "MarkupSafe-1.1.1-cp34-cp34m-manylinux1_x86_64.whl", hash = "sha256:88e5fcfb52ee7b911e8bb6d6aa2fd21fbecc674eadd44118a9cc3863f938e735"},
    {file = "MarkupSafe-1.1.1-cp34-cp34m-win32.whl", hash = "sha256:ade5e387d2ad0d7ebf59146cc00c8044acbd863725f887353a10df825fc8ae21"},
    {file = "MarkupSafe-1.1.1-cp34-cp34m-win_amd64.whl", hash = "sha256:09c4b7f37d6c648cb13f9230d847adf22f8171b1ccc4d5682398e77f40309235"},
    {file = "MarkupSafe-1.1.1-cp35-cp35m-macosx_10_6_intel.whl", hash = "sha256:79855e1c5b8da654cf486b830bd42c06e8780cea587384cf6545b7d9ac013a0b"},
    {file = "MarkupSafe-1.1.1-cp35-cp35m-manylinux1_i686.whl", hash = "sha256:c8716a48d94b06bb3b2524c2b77e055fb313aeb4ea620c8dd03a105574ba704f"},
    {file = "MarkupSafe-1.1.1-cp35-cp35m-manylinux1_x86_64.whl", hash = "sha256:7c1699dfe0cf8ff607dbdcc1e9b9af1755371f92a68f706051cc8c37d447c905"},
    {file = "MarkupSafe-1.1.1-cp35-cp35m-win32.whl", hash = "sha256:6dd73240d2af64df90aa7c4e7481e23825ea70af4b4922f8ede5b9e35f78a3b1"},
    {file = "MarkupSafe-1.1.1-cp35-cp35m-win_amd64.whl", hash = "sha256:9add70b36c5666a2ed02b43b335fe19002ee5235efd4b8a89bfcf9005bebac0d"},
    {file = "MarkupSafe-1.1.1-cp36-cp36m-macosx_10_6_intel.whl", hash = "sha256:24982cc2533820871eba85ba648cd53d8623687ff11cbb805be4ff7b4c971aff"},
    {file = "MarkupSafe-1.1.1-cp36-cp36m-manylinux1_i686.whl", hash = "sha256:00bc623926325b26bb9605ae9eae8a215691f33cae5df11ca5424f06f2d1f473"},
    {file = "MarkupSafe-1.1.1-cp36-cp36m-manylinux1_x86_64.whl", hash = "sha256:717ba8fe3ae9cc0006d7c451f0bb265ee07739daf76355d06366154ee68d221e"},
    {file = "MarkupSafe-1.1.1-cp36-cp36m-win32.whl", hash = "sha256:535f6fc4d397c1563d08b88e485c3496cf5784e927af890fb3c3aac7f933ec66"},
    {file = "MarkupSafe-1.1.1-cp36-cp36m-win_amd64.whl", hash = "sha256:b1282f8c00509d99fef04d8ba936b156d419be841854fe901d8ae224c59f0be5"},
    {file = "MarkupSafe-1.1.1-cp37-cp37m-macosx_10_6_intel.whl", hash = "sha256:8defac2f2ccd6805ebf65f5eeb132adcf2ab57aa11fdf4c0dd5169a004710e7d"},
    {file = "MarkupSafe-1.1.1-cp37-cp37m-manylinux1_i686.whl", hash = "sha256:46c99d2de99945ec5cb54f23c8cd5689f6d7177305ebff350a58ce5f8de1669e"},
    {file = "MarkupSafe-1.1.1-cp37-cp37m-manylinux1_x86_64.whl", hash = "sha256:ba59edeaa2fc6114428f1637ffff42da1e311e29382d81b339c1817d37ec93c6"},
    {file = "MarkupSafe-1.1.1-cp37-cp37m-win32.whl", hash = "sha256:b00c1de48212e4cc9603895652c5c410df699856a2853135b3967591e4beebc2"},
    {file = "MarkupSafe-1.1.1-cp37-cp37m-win_amd64.whl", hash = "sha256:9bf40443012702a1d2070043cb6291650a0841ece432556f784f004937f0f32c"},
    {file = "MarkupSafe-1.1.1-cp38-cp38-macosx_10_9_x86_64.whl", hash = "sha256:6788b695d50a51edb699cb55e35487e430fa21f1ed838122d722e0ff0ac5ba15"},
    {file = "MarkupSafe-1.1.1-cp38-cp38-manylinux1_i686.whl", hash = "sha256:cdb132fc825c38e1aeec2c8aa9338310d29d337bebbd7baa06889d09a60a1fa2"},
    {file = "MarkupSafe-1.1.1-cp38-cp38-manylinux1_x86_64.whl", hash = "sha256:13d3144e1e340870b25e7b10b98d779608c02016d5184cfb9927a9f10c689f42"},
    {file = "MarkupSafe-1.1.1-cp38-cp38-win32.whl", hash = "sha256:596510de112c685489095da617b5bcbbac7dd6384aeebeda4df6025d0256a81b"},
    {file = "MarkupSafe-1.1.1-cp38-cp38-win_amd64.whl", hash = "sha256:e8313f01ba26fbbe36c7be1966a7b7424942f670f38e666995b88d012765b9be"},
    {file = "MarkupSafe-1.1.1.tar.gz", hash = "sha256:29872e92839765e546828bb7754a68c418d927cd064fd4708fab9fe9c8bb116b"},
]
numpy = [
    {file = "numpy-1.19.4-cp36-cp36m-macosx_10_9_x86_64.whl", hash = "sha256:e9b30d4bd69498fc0c3fe9db5f62fffbb06b8eb9321f92cc970f2969be5e3949"},
    {file = "numpy-1.19.4-cp36-cp36m-manylinux1_i686.whl", hash = "sha256:fedbd128668ead37f33917820b704784aff695e0019309ad446a6d0b065b57e4"},
    {file = "numpy-1.19.4-cp36-cp36m-manylinux1_x86_64.whl", hash = "sha256:8ece138c3a16db8c1ad38f52eb32be6086cc72f403150a79336eb2045723a1ad"},
    {file = "numpy-1.19.4-cp36-cp36m-manylinux2010_i686.whl", hash = "sha256:64324f64f90a9e4ef732be0928be853eee378fd6a01be21a0a8469c4f2682c83"},
    {file = "numpy-1.19.4-cp36-cp36m-manylinux2010_x86_64.whl", hash = "sha256:ad6f2ff5b1989a4899bf89800a671d71b1612e5ff40866d1f4d8bcf48d4e5764"},
    {file = "numpy-1.19.4-cp36-cp36m-manylinux2014_aarch64.whl", hash = "sha256:d6c7bb82883680e168b55b49c70af29b84b84abb161cbac2800e8fcb6f2109b6"},
    {file = "numpy-1.19.4-cp36-cp36m-win32.whl", hash = "sha256:13d166f77d6dc02c0a73c1101dd87fdf01339febec1030bd810dcd53fff3b0f1"},
    {file = "numpy-1.19.4-cp36-cp36m-win_amd64.whl", hash = "sha256:448ebb1b3bf64c0267d6b09a7cba26b5ae61b6d2dbabff7c91b660c7eccf2bdb"},
    {file = "numpy-1.19.4-cp37-cp37m-macosx_10_9_x86_64.whl", hash = "sha256:27d3f3b9e3406579a8af3a9f262f5339005dd25e0ecf3cf1559ff8a49ed5cbf2"},
    {file = "numpy-1.19.4-cp37-cp37m-manylinux1_i686.whl", hash = "sha256:16c1b388cc31a9baa06d91a19366fb99ddbe1c7b205293ed072211ee5bac1ed2"},
    {file = "numpy-1.19.4-cp37-cp37m-manylinux1_x86_64.whl", hash = "sha256:e5b6ed0f0b42317050c88022349d994fe72bfe35f5908617512cd8c8ef9da2a9"},
    {file = "numpy-1.19.4-cp37-cp37m-manylinux2010_i686.whl", hash = "sha256:18bed2bcb39e3f758296584337966e68d2d5ba6aab7e038688ad53c8f889f757"},
    {file = "numpy-1.19.4-cp37-cp37m-manylinux2010_x86_64.whl", hash = "sha256:fe45becb4c2f72a0907c1d0246ea6449fe7a9e2293bb0e11c4e9a32bb0930a15"},
    {file = "numpy-1.19.4-cp37-cp37m-manylinux2014_aarch64.whl", hash = "sha256:6d7593a705d662be5bfe24111af14763016765f43cb6923ed86223f965f52387"},
    {file = "numpy-1.19.4-cp37-cp37m-win32.whl", hash = "sha256:6ae6c680f3ebf1cf7ad1d7748868b39d9f900836df774c453c11c5440bc15b36"},
    {file = "numpy-1.19.4-cp37-cp37m-win_amd64.whl", hash = "sha256:9eeb7d1d04b117ac0d38719915ae169aa6b61fca227b0b7d198d43728f0c879c"},
    {file = "numpy-1.19.4-cp38-cp38-macosx_10_9_x86_64.whl", hash = "sha256:cb1017eec5257e9ac6209ac172058c430e834d5d2bc21961dceeb79d111e5909"},
    {file = "numpy-1.19.4-cp38-cp38-manylinux1_i686.whl", hash = "sha256:edb01671b3caae1ca00881686003d16c2209e07b7ef8b7639f1867852b948f7c"},
    {file = "numpy-1.19.4-cp38-cp38-manylinux1_x86_64.whl", hash = "sha256:f29454410db6ef8126c83bd3c968d143304633d45dc57b51252afbd79d700893"},
    {file = "numpy-1.19.4-cp38-cp38-manylinux2010_i686.whl", hash = "sha256:ec149b90019852266fec2341ce1db513b843e496d5a8e8cdb5ced1923a92faab"},
    {file = "numpy-1.19.4-cp38-cp38-manylinux2010_x86_64.whl", hash = "sha256:1aeef46a13e51931c0b1cf8ae1168b4a55ecd282e6688fdb0a948cc5a1d5afb9"},
    {file = "numpy-1.19.4-cp38-cp38-manylinux2014_aarch64.whl", hash = "sha256:08308c38e44cc926bdfce99498b21eec1f848d24c302519e64203a8da99a97db"},
    {file = "numpy-1.19.4-cp38-cp38-win32.whl", hash = "sha256:5734bdc0342aba9dfc6f04920988140fb41234db42381cf7ccba64169f9fe7ac"},
    {file = "numpy-1.19.4-cp38-cp38-win_amd64.whl", hash = "sha256:09c12096d843b90eafd01ea1b3307e78ddd47a55855ad402b157b6c4862197ce"},
    {file = "numpy-1.19.4-cp39-cp39-macosx_10_9_x86_64.whl", hash = "sha256:e452dc66e08a4ce642a961f134814258a082832c78c90351b75c41ad16f79f63"},
    {file = "numpy-1.19.4-cp39-cp39-manylinux1_i686.whl", hash = "sha256:a5d897c14513590a85774180be713f692df6fa8ecf6483e561a6d47309566f37"},
    {file = "numpy-1.19.4-cp39-cp39-manylinux1_x86_64.whl", hash = "sha256:a09f98011236a419ee3f49cedc9ef27d7a1651df07810ae430a6b06576e0b414"},
    {file = "numpy-1.19.4-cp39-cp39-manylinux2010_i686.whl", hash = "sha256:50e86c076611212ca62e5a59f518edafe0c0730f7d9195fec718da1a5c2bb1fc"},
    {file = "numpy-1.19.4-cp39-cp39-manylinux2010_x86_64.whl", hash = "sha256:f0d3929fe88ee1c155129ecd82f981b8856c5d97bcb0d5f23e9b4242e79d1de3"},
    {file = "numpy-1.19.4-cp39-cp39-manylinux2014_aarch64.whl", hash = "sha256:c42c4b73121caf0ed6cd795512c9c09c52a7287b04d105d112068c1736d7c753"},
    {file = "numpy-1.19.4-cp39-cp39-win32.whl", hash = "sha256:8cac8790a6b1ddf88640a9267ee67b1aee7a57dfa2d2dd33999d080bc8ee3a0f"},
    {file = "numpy-1.19.4-cp39-cp39-win_amd64.whl", hash = "sha256:4377e10b874e653fe96985c05feed2225c912e328c8a26541f7fc600fb9c637b"},
    {file = "numpy-1.19.4-pp36-pypy36_pp73-manylinux2010_x86_64.whl", hash = "sha256:2a2740aa9733d2e5b2dfb33639d98a64c3b0f24765fed86b0fd2aec07f6a0a08"},
    {file = "numpy-1.19.4.zip", hash = "sha256:141ec3a3300ab89c7f2b0775289954d193cc8edb621ea05f99db9cb181530512"},
]
onnxruntime = [
    {file = "onnxruntime-1.5.2-cp35-cp35m-macosx_10_12_x86_64.whl", hash = "sha256:9ce8b166c7eba95fde87f87813804b7bc143c74d3b7c6b1f6010433424885dc8"},
    {file = "onnxruntime-1.5.2-cp35-cp35m-manylinux2014_aarch64.whl", hash = "sha256:cf895d4c2eaadd0ce86c97323ff4123bc8744e0283f95c272d291d6e645f31b1"},
    {file = "onnxruntime-1.5.2-cp35-cp35m-manylinux2014_x86_64.whl", hash = "sha256:b8e6c97a7691174bbe37e2be922857d2d626b6be6747d9e9a4a8b5d5bc3ae3f3"},
    {file = "onnxruntime-1.5.2-cp35-cp35m-win_amd64.whl", hash = "sha256:eea54734b4ff22847084c48354677acfa0155b4468b427076f5063af434fe6f4"},
    {file = "onnxruntime-1.5.2-cp36-cp36m-macosx_10_12_x86_64.whl", hash = "sha256:c8b245cc004f3a27c8857f1a8b28bb70c3ec3812c229bc74ee3a9a3130c9408a"},
    {file = "onnxruntime-1.5.2-cp36-cp36m-manylinux2014_aarch64.whl", hash = "sha256:c89026fe51b7687a2cc799151b56c78d514821e2721186a2be146372775cc3b9"},
    {file = "onnxruntime-1.5.2-cp36-cp36m-manylinux2014_x86_64.whl", hash = "sha256:8d7d1f0990386ee166b366288b6bb99961362e4574574bf892ba9c27dae435fb"},
    {file = "onnxruntime-1.5.2-cp36-cp36m-win_amd64.whl", hash = "sha256:2c31ad5bd9391c00773e05c3e6410f31e2b65ff280f5a1fe6f575c4c5d46a9f1"},
    {file = "onnxruntime-1.5.2-cp37-cp37m-macosx_10_12_x86_64.whl", hash = "sha256:700a57ac232aecdf1bf756113fb5693b4f7196d0a9898f456baa68ef30ea2656"},
    {file = "onnxruntime-1.5.2-cp37-cp37m-manylinux2014_aarch64.whl", hash = "sha256:f164d5ef9bfeb72feff4095a341c33366db309afb67b83784451e249782da990"},
    {file = "onnxruntime-1.5.2-cp37-cp37m-manylinux2014_x86_64.whl", hash = "sha256:bf43878c15ba6bb4a919e66057ecd2c5d6870dc7bfbd3e3a446d1ed481f4b023"},
    {file = "onnxruntime-1.5.2-cp37-cp37m-win_amd64.whl", hash = "sha256:fc481e9413d987fdf10aabf4eaa37f6c2e8752d61e8758b3a430e87e74d39140"},
    {file = "onnxruntime-1.5.2-cp38-cp38-macosx_10_12_x86_64.whl", hash = "sha256:651f1d7674b9c6c44209f1a0492b91f2d996b46392de45fca87e3919f5d92a0a"},
    {file = "onnxruntime-1.5.2-cp38-cp38-manylinux2014_x86_64.whl", hash = "sha256:edfac621a44bf0509c0ea767cf59bed712036f4fd0fc678dd68fa5a6fc07602f"},
    {file = "onnxruntime-1.5.2-cp38-cp38-win_amd64.whl", hash = "sha256:74935ad47b19f989c21788371e77b1d881493e65205192906647671402d2286a"},
]
opencv-python = [
    {file = "opencv-python-4.4.0.46.tar.gz", hash = "sha256:d80db278a07f51811dbf0f9c31ff7cd5b2501822fb7a7587e71f9ff27d5c04bd"},
    {file = "opencv_python-4.4.0.46-cp36-cp36m-macosx_10_13_x86_64.whl", hash = "sha256:14df77490c8aedceae74e660564d48c04761658aecc93895ac5e974006a89606"},
    {file = "opencv_python-4.4.0.46-cp36-cp36m-manylinux2014_i686.whl", hash = "sha256:6b6d23de6d5ddc55e865ac8532bf8062b26ba70305fa1c87c671717027dcd370"},
    {file = "opencv_python-4.4.0.46-cp36-cp36m-manylinux2014_x86_64.whl", hash = "sha256:6b1d85cbb64ce20ac5f79ad8e3e76a3dbff53d258c65f2fc0b9411321147a0be"},
    {file = "opencv_python-4.4.0.46-cp36-cp36m-win32.whl", hash = "sha256:4af0053c6a70f127a52c26b112341826d3dbfce6955beb9044d3eabd7e14d1cd"},
    {file = "opencv_python-4.4.0.46-cp36-cp36m-win_amd64.whl", hash = "sha256:135e05b69ab9665cbe2589f56e60895219bc2443a632bdc4bde72fb95eda1582"},
    {file = "opencv_python-4.4.0.46-cp37-cp37m-macosx_10_13_x86_64.whl", hash = "sha256:51baebb0f8f3cae4cccd30daf018a5bb75cb759d5658aea29100d34cd5cac106"},
    {file = "opencv_python-4.4.0.46-cp37-cp37m-manylinux2014_i686.whl", hash = "sha256:9659e80059c9f39728c7dcc22032dff0d1d467f07b6cd8e036613393e4b7c71a"},
    {file = "opencv_python-4.4.0.46-cp37-cp37m-manylinux2014_x86_64.whl", hash = "sha256:f69a56e958ecb549ba84e0497a438080932b4d52ded441cec04d80afde71dc0a"},
    {file = "opencv_python-4.4.0.46-cp37-cp37m-win32.whl", hash = "sha256:68a9ec7e32f82cab267b6f757d9862a9a930371062739f9d00472e7c850c5854"},
    {file = "opencv_python-4.4.0.46-cp37-cp37m-win_amd64.whl", hash = "sha256:17581c68400f828700e5c6b3b082f50c781bf74cb9a7b972a04f05d26c8e894a"},
    {file = "opencv_python-4.4.0.46-cp38-cp38-macosx_10_13_x86_64.whl", hash = "sha256:db874c65654465ef71d6e8618bed8c725722bc90624132b9512bf061abb4eec0"},
    {file = "opencv_python-4.4.0.46-cp38-cp38-manylinux2014_i686.whl", hash = "sha256:8aeda9b2c37bf91fa88d67f09b85f2250661eec43d72184ec544783de204e96a"},
    {file = "opencv_python-4.4.0.46-cp38-cp38-manylinux2014_x86_64.whl", hash = "sha256:8a8ebd7ceebc0be9c14ca3e25a1c4ae086016b469848258e998247f2fc855314"},
    {file = "opencv_python-4.4.0.46-cp38-cp38-win32.whl", hash = "sha256:e4c072cf4260063ebadc70e34d622fa1127a88e364475ed757709e249ebe990f"},
    {file = "opencv_python-4.4.0.46-cp38-cp38-win_amd64.whl", hash = "sha256:6022609b67f9c0f14e6807e782660d1d1be94d4f0c7bc1794d7d8f600014acb2"},
    {file = "opencv_python-4.4.0.46-cp39-cp39-macosx_10_13_x86_64.whl", hash = "sha256:117dbb2fd184de28d831f14c1da17864efcee7bb7895e43adf40f5e1da9137fb"},
    {file = "opencv_python-4.4.0.46-cp39-cp39-manylinux2014_i686.whl", hash = "sha256:c1382209a771ca8a25fe89d4a2377875538c6ed3cf8745280e65636cbd0988f2"},
    {file = "opencv_python-4.4.0.46-cp39-cp39-manylinux2014_x86_64.whl", hash = "sha256:744e9ae2fb4c8574e6d4a762146b4d0984bdec60b98480fc54a363c03a07a1ac"},
    {file = "opencv_python-4.4.0.46-cp39-cp39-win32.whl", hash = "sha256:7fe81d08df4eb5dc4c6aa5f09888b6fd390fce5fa7d5624a98cac890b9aa6181"},
    {file = "opencv_python-4.4.0.46-cp39-cp39-win_amd64.whl", hash = "sha256:0548981fe189e0d57b9cc65066b66fd70d4bc84ea906f349a63d9098e1b911c6"},
]
pillow = [
    {file = "Pillow-8.0.1-cp36-cp36m-macosx_10_10_x86_64.whl", hash = "sha256:b63d4ff734263ae4ce6593798bcfee6dbfb00523c82753a3a03cbc05555a9cc3"},
    {file = "Pillow-8.0.1-cp36-cp36m-manylinux1_i686.whl", hash = "sha256:5f9403af9c790cc18411ea398a6950ee2def2a830ad0cfe6dc9122e6d528b302"},
    {file = "Pillow-8.0.1-cp36-cp36m-manylinux1_x86_64.whl", hash = "sha256:6b4a8fd632b4ebee28282a9fef4c341835a1aa8671e2770b6f89adc8e8c2703c"},
    {file = "Pillow-8.0.1-cp36-cp36m-manylinux2014_aarch64.whl", hash = "sha256:cc3ea6b23954da84dbee8025c616040d9aa5eaf34ea6895a0a762ee9d3e12e11"},
    {file = "Pillow-8.0.1-cp36-cp36m-win32.whl", hash = "sha256:d8a96747df78cda35980905bf26e72960cba6d355ace4780d4bdde3b217cdf1e"},
    {file = "Pillow-8.0.1-cp36-cp36m-win_amd64.whl", hash = "sha256:7ba0ba61252ab23052e642abdb17fd08fdcfdbbf3b74c969a30c58ac1ade7cd3"},
    {file = "Pillow-8.0.1-cp37-cp37m-macosx_10_10_x86_64.whl", hash = "sha256:795e91a60f291e75de2e20e6bdd67770f793c8605b553cb6e4387ce0cb302e09"},
    {file = "Pillow-8.0.1-cp37-cp37m-manylinux1_i686.whl", hash = "sha256:0a2e8d03787ec7ad71dc18aec9367c946ef8ef50e1e78c71f743bc3a770f9fae"},
    {file = "Pillow-8.0.1-cp37-cp37m-manylinux1_x86_64.whl", hash = "sha256:006de60d7580d81f4a1a7e9f0173dc90a932e3905cc4d47ea909bc946302311a"},
    {file = "Pillow-8.0.1-cp37-cp37m-manylinux2014_aarch64.whl", hash = "sha256:bd7bf289e05470b1bc74889d1466d9ad4a56d201f24397557b6f65c24a6844b8"},
    {file = "Pillow-8.0.1-cp37-cp37m-win32.whl", hash = "sha256:95edb1ed513e68bddc2aee3de66ceaf743590bf16c023fb9977adc4be15bd3f0"},
    {file = "Pillow-8.0.1-cp37-cp37m-win_amd64.whl", hash = "sha256:e38d58d9138ef972fceb7aeec4be02e3f01d383723965bfcef14d174c8ccd039"},
    {file = "Pillow-8.0.1-cp38-cp38-macosx_10_10_x86_64.whl", hash = "sha256:d3d07c86d4efa1facdf32aa878bd508c0dc4f87c48125cc16b937baa4e5b5e11"},
    {file = "Pillow-8.0.1-cp38-cp38-manylinux1_i686.whl", hash = "sha256:fbd922f702582cb0d71ef94442bfca57624352622d75e3be7a1e7e9360b07e72"},
    {file = "Pillow-8.0.1-cp38-cp38-manylinux1_x86_64.whl", hash = "sha256:92c882b70a40c79de9f5294dc99390671e07fc0b0113d472cbea3fde15db1792"},
    {file = "Pillow-8.0.1-cp38-cp38-manylinux2014_aarch64.whl", hash = "sha256:7c9401e68730d6c4245b8e361d3d13e1035cbc94db86b49dc7da8bec235d0015"},
    {file = "Pillow-8.0.1-cp38-cp38-win32.whl", hash = "sha256:6c1aca8231625115104a06e4389fcd9ec88f0c9befbabd80dc206c35561be271"},
    {file = "Pillow-8.0.1-cp38-cp38-win_amd64.whl", hash = "sha256:cc9ec588c6ef3a1325fa032ec14d97b7309db493782ea8c304666fb10c3bd9a7"},
    {file = "Pillow-8.0.1-cp39-cp39-macosx_10_10_x86_64.whl", hash = "sha256:eb472586374dc66b31e36e14720747595c2b265ae962987261f044e5cce644b5"},
    {file = "Pillow-8.0.1-cp39-cp39-manylinux1_i686.whl", hash = "sha256:0eeeae397e5a79dc088d8297a4c2c6f901f8fb30db47795113a4a605d0f1e5ce"},
    {file = "Pillow-8.0.1-cp39-cp39-manylinux1_x86_64.whl", hash = "sha256:81f812d8f5e8a09b246515fac141e9d10113229bc33ea073fec11403b016bcf3"},
    {file = "Pillow-8.0.1-cp39-cp39-manylinux2014_aarch64.whl", hash = "sha256:895d54c0ddc78a478c80f9c438579ac15f3e27bf442c2a9aa74d41d0e4d12544"},
    {file = "Pillow-8.0.1-cp39-cp39-win32.whl", hash = "sha256:2fb113757a369a6cdb189f8df3226e995acfed0a8919a72416626af1a0a71140"},
    {file = "Pillow-8.0.1-cp39-cp39-win_amd64.whl", hash = "sha256:59e903ca800c8cfd1ebe482349ec7c35687b95e98cefae213e271c8c7fffa021"},
    {file = "Pillow-8.0.1-pp36-pypy36_pp73-macosx_10_10_x86_64.whl", hash = "sha256:5abd653a23c35d980b332bc0431d39663b1709d64142e3652890df4c9b6970f6"},
    {file = "Pillow-8.0.1-pp36-pypy36_pp73-manylinux2010_x86_64.whl", hash = "sha256:4b0ef2470c4979e345e4e0cc1bbac65fda11d0d7b789dbac035e4c6ce3f98adb"},
    {file = "Pillow-8.0.1-pp37-pypy37_pp73-win32.whl", hash = "sha256:8de332053707c80963b589b22f8e0229f1be1f3ca862a932c1bcd48dafb18dd8"},
    {file = "Pillow-8.0.1.tar.gz", hash = "sha256:11c5c6e9b02c9dac08af04f093eb5a2f84857df70a7d4a6a6ad461aca803fb9e"},
]
protobuf = [
    {file = "protobuf-3.14.0-cp27-cp27m-macosx_10_9_x86_64.whl", hash = "sha256:629b03fd3caae7f815b0c66b41273f6b1900a579e2ccb41ef4493a4f5fb84f3a"},
    {file = "protobuf-3.14.0-cp27-cp27mu-manylinux1_x86_64.whl", hash = "sha256:5b7a637212cc9b2bcf85dd828b1178d19efdf74dbfe1ddf8cd1b8e01fdaaa7f5"},
    {file = "protobuf-3.14.0-cp35-cp35m-macosx_10_9_intel.whl", hash = "sha256:43b554b9e73a07ba84ed6cf25db0ff88b1e06be610b37656e292e3cbb5437472"},
    {file = "protobuf-3.14.0-cp35-cp35m-manylinux1_x86_64.whl", hash = "sha256:5e9806a43232a1fa0c9cf5da8dc06f6910d53e4390be1fa06f06454d888a9142"},
    {file = "protobuf-3.14.0-cp35-cp35m-win32.whl", hash = "sha256:1c51fda1bbc9634246e7be6016d860be01747354ed7015ebe38acf4452f470d2"},
    {file = "protobuf-3.14.0-cp35-cp35m-win_amd64.whl", hash = "sha256:4b74301b30513b1a7494d3055d95c714b560fbb630d8fb9956b6f27992c9f980"},
    {file = "protobuf-3.14.0-cp36-cp36m-macosx_10_9_x86_64.whl", hash = "sha256:86a75477addde4918e9a1904e5c6af8d7b691f2a3f65587d73b16100fbe4c3b2"},
    {file = "protobuf-3.14.0-cp36-cp36m-manylinux1_x86_64.whl", hash = "sha256:ecc33531a213eee22ad60e0e2aaea6c8ba0021f0cce35dbf0ab03dee6e2a23a1"},
    {file = "protobuf-3.14.0-cp36-cp36m-win32.whl", hash = "sha256:72230ed56f026dd664c21d73c5db73ebba50d924d7ba6b7c0d81a121e390406e"},
    {file = "protobuf-3.14.0-cp36-cp36m-win_amd64.whl", hash = "sha256:0fc96785262042e4863b3f3b5c429d4636f10d90061e1840fce1baaf59b1a836"},
    {file = "protobuf-3.14.0-cp37-cp37m-macosx_10_9_x86_64.whl", hash = "sha256:4e75105c9dfe13719b7293f75bd53033108f4ba03d44e71db0ec2a0e8401eafd"},
    {file = "protobuf-3.14.0-cp37-cp37m-manylinux1_x86_64.whl", hash = "sha256:2a7e2fe101a7ace75e9327b9c946d247749e564a267b0515cf41dfe450b69bac"},
    {file = "protobuf-3.14.0-cp37-cp37m-win32.whl", hash = "sha256:b0d5d35faeb07e22a1ddf8dce620860c8fe145426c02d1a0ae2688c6e8ede36d"},
    {file = "protobuf-3.14.0-cp37-cp37m-win_amd64.whl", hash = "sha256:8971c421dbd7aad930c9bd2694122f332350b6ccb5202a8b7b06f3f1a5c41ed5"},
    {file = "protobuf-3.14.0-cp38-cp38-macosx_10_9_x86_64.whl", hash = "sha256:9616f0b65a30851e62f1713336c931fcd32c057202b7ff2cfbfca0fc7d5e3043"},
    {file = "protobuf-3.14.0-cp38-cp38-manylinux1_x86_64.whl", hash = "sha256:22bcd2e284b3b1d969c12e84dc9b9a71701ec82d8ce975fdda19712e1cfd4e00"},
    {file = "protobuf-3.14.0-py2.py3-none-any.whl", hash = "sha256:0e247612fadda953047f53301a7b0407cb0c3cb4ae25a6fde661597a04039b3c"},
    {file = "protobuf-3.14.0.tar.gz", hash = "sha256:1d63eb389347293d8915fb47bee0951c7b5dab522a4a60118b9a18f33e21f8ce"},
]
pyclipper = [
    {file = "pyclipper-1.2.0-cp27-cp27m-macosx_10_9_x86_64.whl", hash = "sha256:70844627ffe3de3e4a1286a5468a29b8ef06f89d28d5d529c307213c14eedf86"},
    {file = "pyclipper-1.2.0-cp27-cp27m-manylinux1_i686.whl", hash = "sha256:9a1f7208f66ee06b1b8a5baffa045cb1b57568a3afcec2dfb1adbef7b1fe8a55"},
    {file = "pyclipper-1.2.0-cp27-cp27m-manylinux1_x86_64.whl", hash = "sha256:7d8471c2becd92d14e1826f43ad21c4eedf7cfb721095b55584ca37d9451bb29"},
    {file = "pyclipper-1.2.0-cp27-cp27m-win32.whl", hash = "sha256:043979535d44f5113dc96f24c5fa12efd68f34e3a0eda4e36801d801dddc220a"},
    {file = "pyclipper-1.2.0-cp27-cp27m-win_amd64.whl", hash = "sha256:4be209362c21e73f4aa2c63f72c52bf269ec0ee5cbd4b0b846c827fe0567e6e6"},
    {file = "pyclipper-1.2.0-cp27-cp27mu-manylinux1_i686.whl", hash = "sha256:a97f971507e0c7e59114e308bea0f14bce063b1d0c63097da4b3f50b0065cb0a"},
    {file = "pyclipper-1.2.0-cp27-cp27mu-manylinux1_x86_64.whl", hash = "sha256:6522077ef9dca61f9eae53803f47e2d8e885ebb41e87bed47eba340de92c2884"},
    {file = "pyclipper-1.2.0-cp35-cp35m-macosx_10_6_intel.whl", hash = "sha256:7777bbd5464df80076906a98a88728008654cfcef4c3f8b38a0f62be5ea40933"},
    {file = "pyclipper-1.2.0-cp35-cp35m-manylinux1_i686.whl", hash = "sha256:527c7d09bfe2b9a863f55b1aa6d87f8f1ec18cc8f631e0f6df110f5371f772dc"},
    {file = "pyclipper-1.2.0-cp35-cp35m-manylinux1_x86_64.whl", hash = "sha256:6ae7a1eb4e070551cb5f9dd05560b38f396978d416d29c3f6574bbbae2c8fcc7"},
    {file = "pyclipper-1.2.0-cp35-cp35m-win32.whl", hash = "sha256:0c4f83da9bb01910dedc7c3dc8a7cbb97c573efc411d951bacfdc54cc233e51c"},
    {file = "pyclipper-1.2.0-cp35-cp35m-win_amd64.whl", hash = "sha256:c0023f1c0b0f4d0a92c07cb7b481c411e3534f262b9653e29774ffd4433dc32c"},
    {file = "pyclipper-1.2.0-cp36-cp36m-macosx_10_9_x86_64.whl", hash = "sha256:0d000a130e8f16954a80dcf692add6d0a10c29da632eefd9a6d58efe20da976f"},
    {file = "pyclipper-1.2.0-cp36-cp36m-manylinux1_i686.whl", hash = "sha256:fe85c64f2fd3fcd7d6515aa909b3e47f1751f522d741e763ba9a2c04f461c859"},
    {file = "pyclipper-1.2.0-cp36-cp36m-manylinux1_x86_64.whl", hash = "sha256:0cbf11d80f897f64278a293edfb4ddfc2451c6f2c4262818b8862aed32099a87"},
    {file = "pyclipper-1.2.0-cp36-cp36m-win32.whl", hash = "sha256:a59c04a297628863a896d4fbcadb9e8c89ce4afd586c7c4201d0a8ff40e3ca00"},
    {file = "pyclipper-1.2.0-cp36-cp36m-win_amd64.whl", hash = "sha256:a8d3d3bbef9aa517087bd1b1e311ab6a7126b6fd2399e0d48180bd3d2727c9a9"},
    {file = "pyclipper-1.2.0-cp37-cp37m-macosx_10_9_x86_64.whl", hash = "sha256:7550b2e153e3ba43fc6c025a1f301af1e7665e3bac2a840f3acd923e19bd2b1b"},
    {file = "pyclipper-1.2.0-cp37-cp37m-manylinux1_i686.whl", hash = "sha256:224b44d35de95157863294e2910c8b85d8a1670ebcef32a6fe25c5f99c919d1b"},
    {file = "pyclipper-1.2.0-cp37-cp37m-manylinux1_x86_64.whl", hash = "sha256:dcd213332e6a7c727e953f4805b6b42a6ecdf983398d09c8ce7b8a9e61c6d804"},
    {file = "pyclipper-1.2.0-cp37-cp37m-win32.whl", hash = "sha256:559e4b9c912da3efaf55aa636f59410bb6230446cc718ade36a3d461a5e601f8"},
    {file = "pyclipper-1.2.0-cp37-cp37m-win_amd64.whl", hash = "sha256:2a9ac1498b9c2e1bec5df9a937eedc7645eb6d8036f6fd7cb88fd7d9c76a0eeb"},
    {file = "pyclipper-1.2.0-cp38-cp38-macosx_10_9_x86_64.whl", hash = "sha256:c2d3eb6a1721a256030cf0ac5a25fc88bc348bbd00dded530b289ed5b55f8927"},
    {file = "pyclipper-1.2.0-cp38-cp38-manylinux1_i686.whl", hash = "sha256:ba521f10b0470319be0e145afa7e5b979a24f0d88159c1574e488cf919732da2"},
    {file = "pyclipper-1.2.0-cp38-cp38-manylinux1_x86_64.whl", hash = "sha256:eab62fd1461b4b78b68513bb69a5a3e03a9bd9907c2b2cd7f2f89316c77dc8eb"},
    {file = "pyclipper-1.2.0-cp38-cp38-win32.whl", hash = "sha256:d65af9c1bec0ed24f3cb8967c6beba3a7e58b83de8fc549e2064f54a30eabd16"},
    {file = "pyclipper-1.2.0-cp38-cp38-win_amd64.whl", hash = "sha256:faa924aa009f228cfb4b355615f398eaecaf384f1ebb2c45725f95fc87a55150"},
    {file = "pyclipper-1.2.0.zip", hash = "sha256:7a9035ca6732dcef3ef33f98d9a844bb5f2be16bd659300c38ef366aac2e3a47"},
]
python-engineio = [
    {file = "python-engineio-3.14.2.tar.gz", hash = "sha256:eab4553f2804c1ce97054c8b22cf0d5a9ab23128075248b97e1a5b2f29553085"},
    {file = "python_engineio-3.14.2-py2.py3-none-any.whl", hash = "sha256:5a9e6086d192463b04a1428ff1f85b6ba631bbb19d453b144ffc04f530542b84"},
]
python-socketio = [
    {file = "python-socketio-4.6.1.tar.gz", hash = "sha256:cd1f5aa492c1eb2be77838e837a495f117e17f686029ebc03d62c09e33f4fa10"},
    {file = "python_socketio-4.6.1-py2.py3-none-any.whl", hash = "sha256:5a21da53fdbdc6bb6c8071f40e13d100e0b279ad997681c2492478e06f370523"},
]
requests = [
    {file = "requests-2.25.1-py2.py3-none-any.whl", hash = "sha256:c210084e36a42ae6b9219e00e48287def368a26d03a048ddad7bfee44f75871e"},
    {file = "requests-2.25.1.tar.gz", hash = "sha256:27973dd4a904a4f13b263a19c866c13b92a39ed1c964655f025f3f8d3d75b804"},
]
shapely = [
    {file = "Shapely-1.7.1-1-cp39-cp39-manylinux1_x86_64.whl", hash = "sha256:46da0ea527da9cf9503e66c18bab6981c5556859e518fe71578b47126e54ca93"},
    {file = "Shapely-1.7.1-cp27-cp27mu-manylinux1_x86_64.whl", hash = "sha256:4c10f317e379cc404f8fc510cd9982d5d3e7ba13a9cfd39aa251d894c6366798"},
    {file = "Shapely-1.7.1-cp35-cp35m-macosx_10_6_intel.whl", hash = "sha256:17df66e87d0fe0193910aeaa938c99f0b04f67b430edb8adae01e7be557b141b"},
    {file = "Shapely-1.7.1-cp35-cp35m-manylinux1_x86_64.whl", hash = "sha256:da38ed3d65b8091447dc3717e5218cc336d20303b77b0634b261bc5c1aa2bae8"},
    {file = "Shapely-1.7.1-cp35-cp35m-win32.whl", hash = "sha256:8e7659dd994792a0aad8fb80439f59055a21163e236faf2f9823beb63a380e19"},
    {file = "Shapely-1.7.1-cp35-cp35m-win_amd64.whl", hash = "sha256:791477edb422692e7dc351c5ed6530eb0e949a31b45569946619a0d9cd5f53cb"},
    {file = "Shapely-1.7.1-cp36-cp36m-macosx_10_9_x86_64.whl", hash = "sha256:e3afccf0437edc108eef1e2bb9cc4c7073e7705924eb4cd0bf7715cd1ef0ce1b"},
    {file = "Shapely-1.7.1-cp36-cp36m-manylinux1_x86_64.whl", hash = "sha256:8f15b6ce67dcc05b61f19c689b60f3fe58550ba994290ff8332f711f5aaa9840"},
    {file = "Shapely-1.7.1-cp36-cp36m-win32.whl", hash = "sha256:60e5b2282619249dbe8dc5266d781cc7d7fb1b27fa49f8241f2167672ad26719"},
    {file = "Shapely-1.7.1-cp36-cp36m-win_amd64.whl", hash = "sha256:de618e67b64a51a0768d26a9963ecd7d338a2cf6e9e7582d2385f88ad005b3d1"},
    {file = "Shapely-1.7.1-cp37-cp37m-macosx_10_9_x86_64.whl", hash = "sha256:182716ffb500d114b5d1b75d7fd9d14b7d3414cef3c38c0490534cc9ce20981a"},
    {file = "Shapely-1.7.1-cp37-cp37m-manylinux1_x86_64.whl", hash = "sha256:4f3c59f6dbf86a9fc293546de492f5e07344e045f9333f3a753f2dda903c45d1"},
    {file = "Shapely-1.7.1-cp37-cp37m-win32.whl", hash = "sha256:6871acba8fbe744efa4f9f34e726d070bfbf9bffb356a8f6d64557846324232b"},
    {file = "Shapely-1.7.1-cp37-cp37m-win_amd64.whl", hash = "sha256:35be1c5d869966569d3dfd4ec31832d7c780e9df760e1fe52131105685941891"},
    {file = "Shapely-1.7.1-cp38-cp38-macosx_10_9_x86_64.whl", hash = "sha256:052eb5b9ba756808a7825e8a8020fb146ec489dd5c919e7d139014775411e688"},
    {file = "Shapely-1.7.1-cp38-cp38-manylinux1_x86_64.whl", hash = "sha256:90a3e2ae0d6d7d50ff2370ba168fbd416a53e7d8448410758c5d6a5920646c1d"},
    {file = "Shapely-1.7.1-cp38-cp38-win32.whl", hash = "sha256:a3774516c8a83abfd1ddffb8b6ec1b0935d7fe6ea0ff5c31a18bfdae567b4eba"},
    {file = "Shapely-1.7.1-cp38-cp38-win_amd64.whl", hash = "sha256:6593026cd3f5daaea12bcc51ae5c979318070fefee210e7990cb8ac2364e79a1"},
    {file = "Shapely-1.7.1-cp39-cp39-manylinux1_x86_64.whl", hash = "sha256:b40cc7bb089ae4aa9ddba1db900b4cd1bce3925d2a4b5837b639e49de054784f"},
    {file = "Shapely-1.7.1-cp39-cp39-win32.whl", hash = "sha256:2df5260d0f2983309776cb41bfa85c464ec07018d88c0ecfca23d40bfadae2f1"},
    {file = "Shapely-1.7.1-cp39-cp39-win_amd64.whl", hash = "sha256:a5c3a50d823c192f32615a2a6920e8c046b09e07a58eba220407335a9cd2e8ea"},
    {file = "Shapely-1.7.1.tar.gz", hash = "sha256:1641724c1055459a7e2b8bbe47ba25bdc89554582e62aec23cb3f3ca25f9b129"},
]
six = [
    {file = "six-1.15.0-py2.py3-none-any.whl", hash = "sha256:8b74bedcbbbaca38ff6d7491d76f2b06b3592611af620f8426e82dddb04a5ced"},
    {file = "six-1.15.0.tar.gz", hash = "sha256:30639c035cdb23534cd4aa2dd52c3bf48f06e5f4a941509c8bafd8ce11080259"},
]
urllib3 = [
    {file = "urllib3-1.26.2-py2.py3-none-any.whl", hash = "sha256:d8ff90d979214d7b4f8ce956e80f4028fc6860e4431f731ea4a8c08f23f99473"},
    {file = "urllib3-1.26.2.tar.gz", hash = "sha256:19188f96923873c92ccb987120ec4acaa12f0461fa9ce5d3d0772bc965a39e08"},
]
werkzeug = [
    {file = "Werkzeug-1.0.1-py2.py3-none-any.whl", hash = "sha256:2de2a5db0baeae7b2d2664949077c2ac63fbd16d98da0ff71837f7d1dea3fd43"},
    {file = "Werkzeug-1.0.1.tar.gz", hash = "sha256:6c80b1e5ad3665290ea39320b91e1be1e0d5f60652b964a3070216de83d2e47c"},
]
win32-setctime = [
    {file = "win32_setctime-1.0.3-py3-none-any.whl", hash = "sha256:dc925662de0a6eb987f0b01f599c01a8236cb8c62831c22d9cada09ad958243e"},
    {file = "win32_setctime-1.0.3.tar.gz", hash = "sha256:4e88556c32fdf47f64165a2180ba4552f8bb32c1103a2fafd05723a0bd42bd4b"},
]
